
Microsoft Visual Studio Solution File, Format Version 12.00
# Visual Studio Version 17
VisualStudioVersion = 17.11.35208.52
MinimumVisualStudioVersion = 10.0.40219.1
Project("{FAE04EC0-301F-11D3-BF4B-00C04F79EFBC}") = "TickTackToe", "TickTackToe\TickTackToe.csproj", "{4A3C3717-B780-49BF-9E55-28D6790F48CF}"
EndProject
Global
	GlobalSection(SolutionConfigurationPlatforms) = preSolution
		Debug|Any CPU = Debug|Any CPU
		Release|Any CPU = Release|Any CPU
	EndGlobalSection
	GlobalSection(ProjectConfigurationPlatforms) = postSolution
		{4A3C3717-B780-49BF-9E55-28D6790F48CF}.Debug|Any CPU.ActiveCfg = Debug|Any CPU
		{4A3C3717-B780-49BF-9E55-28D6790F48CF}.Debug|Any CPU.Build.0 = Debug|Any CPU
		{4A3C3717-B780-49BF-9E55-28D6790F48CF}.Release|Any CPU.ActiveCfg = Release|Any CPU
		{4A3C3717-B780-49BF-9E55-28D6790F48CF}.Release|Any CPU.Build.0 = Release|Any CPU
	EndGlobalSection
	GlobalSection(SolutionProperties) = preSolution
		HideSolutionNode = FALSE
	EndGlobalSection
	GlobalSection(ExtensibilityGlobals) = postSolution
		SolutionGuid = {0A726FFB-3DFE-44A9-B82E-3F1D55609F01}
	EndGlobalSection
EndGlobal
